// !$*UTF8*$!
{
	archiveVersion = 1;
	classes = {
	};
	objectVersion = 55;
	objects = {

/* Begin PBXBuildFile section */
		16266D2E291720E900720112 /* EndPoints.swift in Sources */ = {isa = PBXBuildFile; fileRef = 16266D2D291720E900720112 /* EndPoints.swift */; };
		16266D30291721B400720112 /* Photos.swift in Sources */ = {isa = PBXBuildFile; fileRef = 16266D2F291721B400720112 /* Photos.swift */; };
		16C4F1E829167E9500E741A6 /* AppDelegate.swift in Sources */ = {isa = PBXBuildFile; fileRef = 16C4F1E729167E9500E741A6 /* AppDelegate.swift */; };
		16C4F1EA29167E9500E741A6 /* SceneDelegate.swift in Sources */ = {isa = PBXBuildFile; fileRef = 16C4F1E929167E9500E741A6 /* SceneDelegate.swift */; };
		16C4F1EF29167E9500E741A6 /* Main.storyboard in Resources */ = {isa = PBXBuildFile; fileRef = 16C4F1ED29167E9500E741A6 /* Main.storyboard */; };
		16C4F1F229167E9500E741A6 /* Pagination_Photos.xcdatamodeld in Sources */ = {isa = PBXBuildFile; fileRef = 16C4F1F029167E9500E741A6 /* Pagination_Photos.xcdatamodeld */; };
		16C4F1F429167E9700E741A6 /* Assets.xcassets in Resources */ = {isa = PBXBuildFile; fileRef = 16C4F1F329167E9700E741A6 /* Assets.xcassets */; };
		16C4F1F729167E9700E741A6 /* LaunchScreen.storyboard in Resources */ = {isa = PBXBuildFile; fileRef = 16C4F1F529167E9700E741A6 /* LaunchScreen.storyboard */; };
		16C4F208291683C000E741A6 /* PhotosViewController.swift in Sources */ = {isa = PBXBuildFile; fileRef = 16C4F207291683C000E741A6 /* PhotosViewController.swift */; };
		2D0E3DA4AD7D8365390631B9 /* Pods_Pagination_Photos.framework in Frameworks */ = {isa = PBXBuildFile; fileRef = EA11B23FC3DA467DADEE7379 /* Pods_Pagination_Photos.framework */; };
/* End PBXBuildFile section */

/* Begin PBXFileReference section */
		16266D2D291720E900720112 /* EndPoints.swift */ = {isa = PBXFileReference; lastKnownFileType = sourcecode.swift; path = EndPoints.swift; sourceTree = "<group>"; };
		16266D2F291721B400720112 /* Photos.swift */ = {isa = PBXFileReference; lastKnownFileType = sourcecode.swift; path = Photos.swift; sourceTree = "<group>"; };
		16C4F1E429167E9500E741A6 /* Pagination Photos.app */ = {isa = PBXFileReference; explicitFileType = wrapper.application; includeInIndex = 0; path = "Pagination Photos.app"; sourceTree = BUILT_PRODUCTS_DIR; };
		16C4F1E729167E9500E741A6 /* AppDelegate.swift */ = {isa = PBXFileReference; lastKnownFileType = sourcecode.swift; path = AppDelegate.swift; sourceTree = "<group>"; };
		16C4F1E929167E9500E741A6 /* SceneDelegate.swift */ = {isa = PBXFileReference; lastKnownFileType = sourcecode.swift; path = SceneDelegate.swift; sourceTree = "<group>"; };
		16C4F1EE29167E9500E741A6 /* Base */ = {isa = PBXFileReference; lastKnownFileType = file.storyboard; name = Base; path = Base.lproj/Main.storyboard; sourceTree = "<group>"; };
		16C4F1F129167E9500E741A6 /* Pagination_Photos.xcdatamodel */ = {isa = PBXFileReference; lastKnownFileType = wrapper.xcdatamodel; path = Pagination_Photos.xcdatamodel; sourceTree = "<group>"; };
		16C4F1F329167E9700E741A6 /* Assets.xcassets */ = {isa = PBXFileReference; lastKnownFileType = folder.assetcatalog; path = Assets.xcassets; sourceTree = "<group>"; };
		16C4F1F629167E9700E741A6 /* Base */ = {isa = PBXFileReference; lastKnownFileType = file.storyboard; name = Base; path = Base.lproj/LaunchScreen.storyboard; sourceTree = "<group>"; };
		16C4F1F829167E9700E741A6 /* Info.plist */ = {isa = PBXFileReference; lastKnownFileType = text.plist.xml; path = Info.plist; sourceTree = "<group>"; };
		16C4F207291683C000E741A6 /* PhotosViewController.swift */ = {isa = PBXFileReference; lastKnownFileType = sourcecode.swift; path = PhotosViewController.swift; sourceTree = "<group>"; };
		556FA50301A3490ECD6CA5A1 /* Pods-Pagination Photos.debug.xcconfig */ = {isa = PBXFileReference; includeInIndex = 1; lastKnownFileType = text.xcconfig; name = "Pods-Pagination Photos.debug.xcconfig"; path = "Target Support Files/Pods-Pagination Photos/Pods-Pagination Photos.debug.xcconfig"; sourceTree = "<group>"; };
		61EE469743F50EDB75F142D6 /* Pods-Pagination Photos.release.xcconfig */ = {isa = PBXFileReference; includeInIndex = 1; lastKnownFileType = text.xcconfig; name = "Pods-Pagination Photos.release.xcconfig"; path = "Target Support Files/Pods-Pagination Photos/Pods-Pagination Photos.release.xcconfig"; sourceTree = "<group>"; };
		EA11B23FC3DA467DADEE7379 /* Pods_Pagination_Photos.framework */ = {isa = PBXFileReference; explicitFileType = wrapper.framework; includeInIndex = 0; path = Pods_Pagination_Photos.framework; sourceTree = BUILT_PRODUCTS_DIR; };
/* End PBXFileReference section */

/* Begin PBXFrameworksBuildPhase section */
		16C4F1E129167E9500E741A6 /* Frameworks */ = {
			isa = PBXFrameworksBuildPhase;
			buildActionMask = 2147483647;
			files = (
				2D0E3DA4AD7D8365390631B9 /* Pods_Pagination_Photos.framework in Frameworks */,
			);
			runOnlyForDeploymentPostprocessing = 0;
		};
/* End PBXFrameworksBuildPhase section */

/* Begin PBXGroup section */
		00B51F81CE591BF3EA5DB982 /* Frameworks */ = {
			isa = PBXGroup;
			children = (
				EA11B23FC3DA467DADEE7379 /* Pods_Pagination_Photos.framework */,
			);
			name = Frameworks;
			sourceTree = "<group>";
		};
		16C4F1DB29167E9500E741A6 = {
			isa = PBXGroup;
			children = (
				16C4F1E629167E9500E741A6 /* Pagination Photos */,
				16C4F1E529167E9500E741A6 /* Products */,
				976E37B3D9ECBB15E5EBADFD /* Pods */,
				00B51F81CE591BF3EA5DB982 /* Frameworks */,
			);
			sourceTree = "<group>";
		};
		16C4F1E529167E9500E741A6 /* Products */ = {
			isa = PBXGroup;
			children = (
				16C4F1E429167E9500E741A6 /* Pagination Photos.app */,
			);
			name = Products;
			sourceTree = "<group>";
		};
		16C4F1E629167E9500E741A6 /* Pagination Photos */ = {
			isa = PBXGroup;
			children = (
				16C4F2042916829600E741A6 /* CoreData */,
				16C4F2032916824100E741A6 /* Main */,
				16C4F2022916823400E741A6 /* AppDelegate */,
				16C4F2012916816000E741A6 /* Network */,
				16C4F2002916809100E741A6 /* Model */,
				16C4F1FF2916808500E741A6 /* ViewModel */,
				16C4F1FE2916807600E741A6 /* View */,
				16C4F1F829167E9700E741A6 /* Info.plist */,
			);
			path = "Pagination Photos";
			sourceTree = "<group>";
		};
		16C4F1FE2916807600E741A6 /* View */ = {
			isa = PBXGroup;
			children = (
				16C4F207291683C000E741A6 /* PhotosViewController.swift */,
			);
			path = View;
			sourceTree = "<group>";
		};
		16C4F1FF2916808500E741A6 /* ViewModel */ = {
			isa = PBXGroup;
			children = (
			);
			path = ViewModel;
			sourceTree = "<group>";
		};
		16C4F2002916809100E741A6 /* Model */ = {
			isa = PBXGroup;
			children = (
				16266D2F291721B400720112 /* Photos.swift */,
			);
			path = Model;
			sourceTree = "<group>";
		};
		16C4F2012916816000E741A6 /* Network */ = {
			isa = PBXGroup;
			children = (
				16266D2D291720E900720112 /* EndPoints.swift */,
			);
			path = Network;
			sourceTree = "<group>";
		};
		16C4F2022916823400E741A6 /* AppDelegate */ = {
			isa = PBXGroup;
			children = (
				16C4F1E729167E9500E741A6 /* AppDelegate.swift */,
				16C4F1E929167E9500E741A6 /* SceneDelegate.swift */,
			);
			path = AppDelegate;
			sourceTree = "<group>";
		};
		16C4F2032916824100E741A6 /* Main */ = {
			isa = PBXGroup;
			children = (
				16C4F1F329167E9700E741A6 /* Assets.xcassets */,
				16C4F1F529167E9700E741A6 /* LaunchScreen.storyboard */,
				16C4F1ED29167E9500E741A6 /* Main.storyboard */,
			);
			path = Main;
			sourceTree = "<group>";
		};
		16C4F2042916829600E741A6 /* CoreData */ = {
			isa = PBXGroup;
			children = (
				16C4F1F029167E9500E741A6 /* Pagination_Photos.xcdatamodeld */,
			);
			path = CoreData;
			sourceTree = "<group>";
		};
		976E37B3D9ECBB15E5EBADFD /* Pods */ = {
			isa = PBXGroup;
			children = (
				556FA50301A3490ECD6CA5A1 /* Pods-Pagination Photos.debug.xcconfig */,
				61EE469743F50EDB75F142D6 /* Pods-Pagination Photos.release.xcconfig */,
			);
			path = Pods;
			sourceTree = "<group>";
		};
/* End PBXGroup section */

/* Begin PBXNativeTarget section */
		16C4F1E329167E9500E741A6 /* Pagination Photos */ = {
			isa = PBXNativeTarget;
			buildConfigurationList = 16C4F1FB29167E9700E741A6 /* Build configuration list for PBXNativeTarget "Pagination Photos" */;
			buildPhases = (
				5208F7E77939467C50DD05DD /* [CP] Check Pods Manifest.lock */,
				16C4F1E029167E9500E741A6 /* Sources */,
				16C4F1E129167E9500E741A6 /* Frameworks */,
				16C4F1E229167E9500E741A6 /* Resources */,
				F5C31518792E0C439C52FE7A /* [CP] Embed Pods Frameworks */,
			);
			buildRules = (
			);
			dependencies = (
			);
			name = "Pagination Photos";
			productName = "Pagination Photos";
			productReference = 16C4F1E429167E9500E741A6 /* Pagination Photos.app */;
			productType = "com.apple.product-type.application";
		};
/* End PBXNativeTarget section */

/* Begin PBXProject section */
		16C4F1DC29167E9500E741A6 /* Project object */ = {
			isa = PBXProject;
			attributes = {
				BuildIndependentTargetsInParallel = 1;
				LastSwiftUpdateCheck = 1320;
				LastUpgradeCheck = 1320;
				TargetAttributes = {
					16C4F1E329167E9500E741A6 = {
						CreatedOnToolsVersion = 13.2.1;
					};
				};
			};
			buildConfigurationList = 16C4F1DF29167E9500E741A6 /* Build configuration list for PBXProject "Pagination Photos" */;
			compatibilityVersion = "Xcode 13.0";
			developmentRegion = en;
			hasScannedForEncodings = 0;
			knownRegions = (
				en,
				Base,
			);
			mainGroup = 16C4F1DB29167E9500E741A6;
			productRefGroup = 16C4F1E529167E9500E741A6 /* Products */;
			projectDirPath = "";
			projectRoot = "";
			targets = (
				16C4F1E329167E9500E741A6 /* Pagination Photos */,
			);
		};
/* End PBXProject section */

/* Begin PBXResourcesBuildPhase section */
		16C4F1E229167E9500E741A6 /* Resources */ = {
			isa = PBXResourcesBuildPhase;
			buildActionMask = 2147483647;
			files = (
				16C4F1F729167E9700E741A6 /* LaunchScreen.storyboard in Resources */,
				16C4F1F429167E9700E741A6 /* Assets.xcassets in Resources */,
				16C4F1EF29167E9500E741A6 /* Main.storyboard in Resources */,
			);
			runOnlyForDeploymentPostprocessing = 0;
		};
/* End PBXResourcesBuildPhase section */

/* Begin PBXShellScriptBuildPhase section */
		5208F7E77939467C50DD05DD /* [CP] Check Pods Manifest.lock */ = {
			isa = PBXShellScriptBuildPhase;
			buildActionMask = 2147483647;
			files = (
			);
			inputFileListPaths = (
			);
			inputPaths = (
				"${PODS_PODFILE_DIR_PATH}/Podfile.lock",
				"${PODS_ROOT}/Manifest.lock",
			);
			name = "[CP] Check Pods Manifest.lock";
			outputFileListPaths = (
			);
			outputPaths = (
				"$(DERIVED_FILE_DIR)/Pods-Pagination Photos-checkManifestLockResult.txt",
			);
			runOnlyForDeploymentPostprocessing = 0;
			shellPath = /bin/sh;
			shellScript = "diff \"${PODS_PODFILE_DIR_PATH}/Podfile.lock\" \"${PODS_ROOT}/Manifest.lock\" > /dev/null\nif [ $? != 0 ] ; then\n    # print error to STDERR\n    echo \"error: The sandbox is not in sync with the Podfile.lock. Run 'pod install' or update your CocoaPods installation.\" >&2\n    exit 1\nfi\n# This output is used by Xcode 'outputs' to avoid re-running this script phase.\necho \"SUCCESS\" > \"${SCRIPT_OUTPUT_FILE_0}\"\n";
			showEnvVarsInLog = 0;
		};
		F5C31518792E0C439C52FE7A /* [CP] Embed Pods Frameworks */ = {
			isa = PBXShellScriptBuildPhase;
			buildActionMask = 2147483647;
			files = (
			);
			inputFileListPaths = (
				"${PODS_ROOT}/Target Support Files/Pods-Pagination Photos/Pods-Pagination Photos-frameworks-${CONFIGURATION}-input-files.xcfilelist",
			);
			name = "[CP] Embed Pods Frameworks";
			outputFileListPaths = (
				"${PODS_ROOT}/Target Support Files/Pods-Pagination Photos/Pods-Pagination Photos-frameworks-${CONFIGURATION}-output-files.xcfilelist",
			);
			runOnlyForDeploymentPostprocessing = 0;
			shellPath = /bin/sh;
			shellScript = "\"${PODS_ROOT}/Target Support Files/Pods-Pagination Photos/Pods-Pagination Photos-frameworks.sh\"\n";
			showEnvVarsInLog = 0;
		};
/* End PBXShellScriptBuildPhase section */

/* Begin PBXSourcesBuildPhase section */
		16C4F1E029167E9500E741A6 /* Sources */ = {
			isa = PBXSourcesBuildPhase;
			buildActionMask = 2147483647;
			files = (
				16266D30291721B400720112 /* Photos.swift in Sources */,
				16C4F1F229167E9500E741A6 /* Pagination_Photos.xcdatamodeld in Sources */,
				16266D2E291720E900720112 /* EndPoints.swift in Sources */,
				16C4F208291683C000E741A6 /* PhotosViewController.swift in Sources */,
				16C4F1E829167E9500E741A6 /* AppDelegate.swift in Sources */,
				16C4F1EA29167E9500E741A6 /* SceneDelegate.swift in Sources */,
			);
			runOnlyForDeploymentPostprocessing = 0;
		};
/* End PBXSourcesBuildPhase section */

/* Begin PBXVariantGroup section */
		16C4F1ED29167E9500E741A6 /* Main.storyboard */ = {
			isa = PBXVariantGroup;
			children = (
				16C4F1EE29167E9500E741A6 /* Base */,
			);
			name = Main.storyboard;
			sourceTree = "<group>";
		};
		16C4F1F529167E9700E741A6 /* LaunchScreen.storyboard */ = {
			isa = PBXVariantGroup;
			children = (
				16C4F1F629167E9700E741A6 /* Base */,
			);
			name = LaunchScreen.storyboard;
			sourceTree = "<group>";
		};
/* End PBXVariantGroup section */

/* Begin XCBuildConfiguration section */
		16C4F1F929167E9700E741A6 /* Debug */ = {
			isa = XCBuildConfiguration;
			buildSettings = {
				ALWAYS_SEARCH_USER_PATHS = NO;
				CLANG_ANALYZER_NONNULL = YES;
				CLANG_ANALYZER_NUMBER_OBJECT_CONVERSION = YES_AGGRESSIVE;
				CLANG_CXX_LANGUAGE_STANDARD = "gnu++17";
				CLANG_CXX_LIBRARY = "libc++";
				CLANG_ENABLE_MODULES = YES;
				CLANG_ENABLE_OBJC_ARC = YES;
				CLANG_ENABLE_OBJC_WEAK = YES;
				CLANG_WARN_BLOCK_CAPTURE_AUTORELEASING = YES;
				CLANG_WARN_BOOL_CONVERSION = YES;
				CLANG_WARN_COMMA = YES;
				CLANG_WARN_CONSTANT_CONVERSION = YES;
				CLANG_WARN_DEPRECATED_OBJC_IMPLEMENTATIONS = YES;
				CLANG_WARN_DIRECT_OBJC_ISA_USAGE = YES_ERROR;
				CLANG_WARN_DOCUMENTATION_COMMENTS = YES;
				CLANG_WARN_EMPTY_BODY = YES;
				CLANG_WARN_ENUM_CONVERSION = YES;
				CLANG_WARN_INFINITE_RECURSION = YES;
				CLANG_WARN_INT_CONVERSION = YES;
				CLANG_WARN_NON_LITERAL_NULL_CONVERSION = YES;
				CLANG_WARN_OBJC_IMPLICIT_RETAIN_SELF = YES;
				CLANG_WARN_OBJC_LITERAL_CONVERSION = YES;
				CLANG_WARN_OBJC_ROOT_CLASS = YES_ERROR;
				CLANG_WARN_QUOTED_INCLUDE_IN_FRAMEWORK_HEADER = YES;
				CLANG_WARN_RANGE_LOOP_ANALYSIS = YES;
				CLANG_WARN_STRICT_PROTOTYPES = YES;
				CLANG_WARN_SUSPICIOUS_MOVE = YES;
				CLANG_WARN_UNGUARDED_AVAILABILITY = YES_AGGRESSIVE;
				CLANG_WARN_UNREACHABLE_CODE = YES;
				CLANG_WARN__DUPLICATE_METHOD_MATCH = YES;
				COPY_PHASE_STRIP = NO;
				DEBUG_INFORMATION_FORMAT = dwarf;
				ENABLE_STRICT_OBJC_MSGSEND = YES;
				ENABLE_TESTABILITY = YES;
				GCC_C_LANGUAGE_STANDARD = gnu11;
				GCC_DYNAMIC_NO_PIC = NO;
				GCC_NO_COMMON_BLOCKS = YES;
				GCC_OPTIMIZATION_LEVEL = 0;
				GCC_PREPROCESSOR_DEFINITIONS = (
					"DEBUG=1",
					"$(inherited)",
				);
				GCC_WARN_64_TO_32_BIT_CONVERSION = YES;
				GCC_WARN_ABOUT_RETURN_TYPE = YES_ERROR;
				GCC_WARN_UNDECLARED_SELECTOR = YES;
				GCC_WARN_UNINITIALIZED_AUTOS = YES_AGGRESSIVE;
				GCC_WARN_UNUSED_FUNCTION = YES;
				GCC_WARN_UNUSED_VARIABLE = YES;
				IPHONEOS_DEPLOYMENT_TARGET = 15.2;
				MTL_ENABLE_DEBUG_INFO = INCLUDE_SOURCE;
				MTL_FAST_MATH = YES;
				ONLY_ACTIVE_ARCH = YES;
				SDKROOT = iphoneos;
				SWIFT_ACTIVE_COMPILATION_CONDITIONS = DEBUG;
				SWIFT_OPTIMIZATION_LEVEL = "-Onone";
			};
			name = Debug;
		};
		16C4F1FA29167E9700E741A6 /* Release */ = {
			isa = XCBuildConfiguration;
			buildSettings = {
				ALWAYS_SEARCH_USER_PATHS = NO;
				CLANG_ANALYZER_NONNULL = YES;
				CLANG_ANALYZER_NUMBER_OBJECT_CONVERSION = YES_AGGRESSIVE;
				CLANG_CXX_LANGUAGE_STANDARD = "gnu++17";
				CLANG_CXX_LIBRARY = "libc++";
				CLANG_ENABLE_MODULES = YES;
				CLANG_ENABLE_OBJC_ARC = YES;
				CLANG_ENABLE_OBJC_WEAK = YES;
				CLANG_WARN_BLOCK_CAPTURE_AUTORELEASING = YES;
				CLANG_WARN_BOOL_CONVERSION = YES;
				CLANG_WARN_COMMA = YES;
				CLANG_WARN_CONSTANT_CONVERSION = YES;
				CLANG_WARN_DEPRECATED_OBJC_IMPLEMENTATIONS = YES;
				CLANG_WARN_DIRECT_OBJC_ISA_USAGE = YES_ERROR;
				CLANG_WARN_DOCUMENTATION_COMMENTS = YES;
				CLANG_WARN_EMPTY_BODY = YES;
				CLANG_WARN_ENUM_CONVERSION = YES;
				CLANG_WARN_INFINITE_RECURSION = YES;
				CLANG_WARN_INT_CONVERSION = YES;
				CLANG_WARN_NON_LITERAL_NULL_CONVERSION = YES;
				CLANG_WARN_OBJC_IMPLICIT_RETAIN_SELF = YES;
				CLANG_WARN_OBJC_LITERAL_CONVERSION = YES;
				CLANG_WARN_OBJC_ROOT_CLASS = YES_ERROR;
				CLANG_WARN_QUOTED_INCLUDE_IN_FRAMEWORK_HEADER = YES;
				CLANG_WARN_RANGE_LOOP_ANALYSIS = YES;
				CLANG_WARN_STRICT_PROTOTYPES = YES;
				CLANG_WARN_SUSPICIOUS_MOVE = YES;
				CLANG_WARN_UNGUARDED_AVAILABILITY = YES_AGGRESSIVE;
				CLANG_WARN_UNREACHABLE_CODE = YES;
				CLANG_WARN__DUPLICATE_METHOD_MATCH = YES;
				COPY_PHASE_STRIP = NO;
				DEBUG_INFORMATION_FORMAT = "dwarf-with-dsym";
				ENABLE_NS_ASSERTIONS = NO;
				ENABLE_STRICT_OBJC_MSGSEND = YES;
				GCC_C_LANGUAGE_STANDARD = gnu11;
				GCC_NO_COMMON_BLOCKS = YES;
				GCC_WARN_64_TO_32_BIT_CONVERSION = YES;
				GCC_WARN_ABOUT_RETURN_TYPE = YES_ERROR;
				GCC_WARN_UNDECLARED_SELECTOR = YES;
				GCC_WARN_UNINITIALIZED_AUTOS = YES_AGGRESSIVE;
				GCC_WARN_UNUSED_FUNCTION = YES;
				GCC_WARN_UNUSED_VARIABLE = YES;
				IPHONEOS_DEPLOYMENT_TARGET = 15.2;
				MTL_ENABLE_DEBUG_INFO = NO;
				MTL_FAST_MATH = YES;
				SDKROOT = iphoneos;
				SWIFT_COMPILATION_MODE = wholemodule;
				SWIFT_OPTIMIZATION_LEVEL = "-O";
				VALIDATE_PRODUCT = YES;
			};
			name = Release;
		};
		16C4F1FC29167E9700E741A6 /* Debug */ = {
			isa = XCBuildConfiguration;
			baseConfigurationReference = 556FA50301A3490ECD6CA5A1 /* Pods-Pagination Photos.debug.xcconfig */;
			buildSettings = {
				ASSETCATALOG_COMPILER_APPICON_NAME = AppIcon;
				ASSETCATALOG_COMPILER_GLOBAL_ACCENT_COLOR_NAME = AccentColor;
				CODE_SIGN_STYLE = Automatic;
				CURRENT_PROJECT_VERSION = 1;
				GENERATE_INFOPLIST_FILE = YES;
				INFOPLIST_FILE = "Pagination Photos/Info.plist";
				INFOPLIST_KEY_UIApplicationSupportsIndirectInputEvents = YES;
				INFOPLIST_KEY_UILaunchStoryboardName = LaunchScreen;
				INFOPLIST_KEY_UIMainStoryboardFile = Main;
				INFOPLIST_KEY_UISupportedInterfaceOrientations_iPad = "UIInterfaceOrientationPortrait UIInterfaceOrientationPortraitUpsideDown UIInterfaceOrientationLandscapeLeft UIInterfaceOrientationLandscapeRight";
				INFOPLIST_KEY_UISupportedInterfaceOrientations_iPhone = "UIInterfaceOrientationPortrait UIInterfaceOrientationLandscapeLeft UIInterfaceOrientationLandscapeRight";
				LD_RUNPATH_SEARCH_PATHS = (
					"$(inherited)",
					"@executable_path/Frameworks",
				);
				MARKETING_VERSION = 1.0;
				PRODUCT_BUNDLE_IDENTIFIER = "Hack.Pagination-Photos";
				PRODUCT_NAME = "$(TARGET_NAME)";
				SWIFT_EMIT_LOC_STRINGS = YES;
				SWIFT_VERSION = 5.0;
				TARGETED_DEVICE_FAMILY = "1,2";
			};
			name = Debug;
		};
		16C4F1FD29167E9700E741A6 /* Release */ = {
			isa = XCBuildConfiguration;
			baseConfigurationReference = 61EE469743F50EDB75F142D6 /* Pods-Pagination Photos.release.xcconfig */;
			buildSettings = {
				ASSETCATALOG_COMPILER_APPICON_NAME = AppIcon;
				ASSETCATALOG_COMPILER_GLOBAL_ACCENT_COLOR_NAME = AccentColor;
				CODE_SIGN_STYLE = Automatic;
				CURRENT_PROJECT_VERSION = 1;
				GENERATE_INFOPLIST_FILE = YES;
				INFOPLIST_FILE = "Pagination Photos/Info.plist";
				INFOPLIST_KEY_UIApplicationSupportsIndirectInputEvents = YES;
				INFOPLIST_KEY_UILaunchStoryboardName = LaunchScreen;
				INFOPLIST_KEY_UIMainStoryboardFile = Main;
				INFOPLIST_KEY_UISupportedInterfaceOrientations_iPad = "UIInterfaceOrientationPortrait UIInterfaceOrientationPortraitUpsideDown UIInterfaceOrientationLandscapeLeft UIInterfaceOrientationLandscapeRight";
				INFOPLIST_KEY_UISupportedInterfaceOrientations_iPhone = "UIInterfaceOrientationPortrait UIInterfaceOrientationLandscapeLeft UIInterfaceOrientationLandscapeRight";
				LD_RUNPATH_SEARCH_PATHS = (
					"$(inherited)",
					"@executable_path/Frameworks",
				);
				MARKETING_VERSION = 1.0;
				PRODUCT_BUNDLE_IDENTIFIER = "Hack.Pagination-Photos";
				PRODUCT_NAME = "$(TARGET_NAME)";
				SWIFT_EMIT_LOC_STRINGS = YES;
				SWIFT_VERSION = 5.0;
				TARGETED_DEVICE_FAMILY = "1,2";
			};
			name = Release;
		};
/* End XCBuildConfiguration section */

/* Begin XCConfigurationList section */
		16C4F1DF29167E9500E741A6 /* Build configuration list for PBXProject "Pagination Photos" */ = {
			isa = XCConfigurationList;
			buildConfigurations = (
				16C4F1F929167E9700E741A6 /* Debug */,
				16C4F1FA29167E9700E741A6 /* Release */,
			);
			defaultConfigurationIsVisible = 0;
			defaultConfigurationName = Release;
		};
		16C4F1FB29167E9700E741A6 /* Build configuration list for PBXNativeTarget "Pagination Photos" */ = {
			isa = XCConfigurationList;
			buildConfigurations = (
				16C4F1FC29167E9700E741A6 /* Debug */,
				16C4F1FD29167E9700E741A6 /* Release */,
			);
			defaultConfigurationIsVisible = 0;
			defaultConfigurationName = Release;
		};
/* End XCConfigurationList section */

/* Begin XCVersionGroup section */
		16C4F1F029167E9500E741A6 /* Pagination_Photos.xcdatamodeld */ = {
			isa = XCVersionGroup;
			children = (
				16C4F1F129167E9500E741A6 /* Pagination_Photos.xcdatamodel */,
			);
			currentVersion = 16C4F1F129167E9500E741A6 /* Pagination_Photos.xcdatamodel */;
			path = Pagination_Photos.xcdatamodeld;
			sourceTree = "<group>";
			versionGroupType = wrapper.xcdatamodel;
		};
/* End XCVersionGroup section */
	};
	rootObject = 16C4F1DC29167E9500E741A6 /* Project object */;
}
